// !$*UTF8*$!
{
	archiveVersion = 1;
	classes = {
	};
	objectVersion = 50;
	objects = {

/* Begin PBXBuildFile section */
		154F2EBCCA67D4EF3FC64E7A /* Pods_DoneList.framework in Frameworks */ = {isa = PBXBuildFile; fileRef = 9B9722044471E6D80A3644C7 /* Pods_DoneList.framework */; };
		C43C0979226E0B8800788E0D /* readme.txt in Resources */ = {isa = PBXBuildFile; fileRef = C43C0978226E0B8800788E0D /* readme.txt */; };
		C43C097B226E15C400788E0D /* readme.txt in CopyFiles */ = {isa = PBXBuildFile; fileRef = C43C0978226E0B8800788E0D /* readme.txt */; };
		C43DA1162267FA6A002974A3 /* CatagoryViewController.swift in Sources */ = {isa = PBXBuildFile; fileRef = C43DA1152267FA6A002974A3 /* CatagoryViewController.swift */; };
		C43DA1182267FA81002974A3 /* ToDoListViewController.swift in Sources */ = {isa = PBXBuildFile; fileRef = C43DA1172267FA81002974A3 /* ToDoListViewController.swift */; };
		C43DA11A2267FAA3002974A3 /* SwipeTableViewController.swift in Sources */ = {isa = PBXBuildFile; fileRef = C43DA1192267FAA3002974A3 /* SwipeTableViewController.swift */; };
		C43DA11C2267FAE6002974A3 /* Catagory.swift in Sources */ = {isa = PBXBuildFile; fileRef = C43DA11B2267FAE6002974A3 /* Catagory.swift */; };
		C43DA11E2267FAF7002974A3 /* Item.swift in Sources */ = {isa = PBXBuildFile; fileRef = C43DA11D2267FAF7002974A3 /* Item.swift */; };
		C44868CE2264CF310097ABB3 /* AppDelegate.swift in Sources */ = {isa = PBXBuildFile; fileRef = C44868CD2264CF310097ABB3 /* AppDelegate.swift */; };
		C44868D02264CF310097ABB3 /* ViewController.swift in Sources */ = {isa = PBXBuildFile; fileRef = C44868CF2264CF310097ABB3 /* ViewController.swift */; };
		C44868D32264CF310097ABB3 /* Main.storyboard in Resources */ = {isa = PBXBuildFile; fileRef = C44868D12264CF310097ABB3 /* Main.storyboard */; };
		C44868D52264CF330097ABB3 /* Assets.xcassets in Resources */ = {isa = PBXBuildFile; fileRef = C44868D42264CF330097ABB3 /* Assets.xcassets */; };
		C44868D82264CF330097ABB3 /* LaunchScreen.storyboard in Resources */ = {isa = PBXBuildFile; fileRef = C44868D62264CF330097ABB3 /* LaunchScreen.storyboard */; };
		C44868E02264CFD50097ABB3 /* GoogleService-Info.plist in Resources */ = {isa = PBXBuildFile; fileRef = C44868DF2264CFD50097ABB3 /* GoogleService-Info.plist */; };
/* End PBXBuildFile section */

/* Begin PBXCopyFilesBuildPhase section */
		C43C097A226E159900788E0D /* CopyFiles */ = {
			isa = PBXCopyFilesBuildPhase;
			buildActionMask = 2147483647;
			dstPath = "";
			dstSubfolderSpec = 16;
			files = (
				C43C097B226E15C400788E0D /* readme.txt in CopyFiles */,
			);
			runOnlyForDeploymentPostprocessing = 0;
		};
/* End PBXCopyFilesBuildPhase section */

/* Begin PBXFileReference section */
		1319084C322C9F7F94AAD7E7 /* Pods-DoneList.debug.xcconfig */ = {isa = PBXFileReference; includeInIndex = 1; lastKnownFileType = text.xcconfig; name = "Pods-DoneList.debug.xcconfig"; path = "Target Support Files/Pods-DoneList/Pods-DoneList.debug.xcconfig"; sourceTree = "<group>"; };
		15A0122D820937AAA7E25037 /* Pods-DoneList.release.xcconfig */ = {isa = PBXFileReference; includeInIndex = 1; lastKnownFileType = text.xcconfig; name = "Pods-DoneList.release.xcconfig"; path = "Target Support Files/Pods-DoneList/Pods-DoneList.release.xcconfig"; sourceTree = "<group>"; };
		9B9722044471E6D80A3644C7 /* Pods_DoneList.framework */ = {isa = PBXFileReference; explicitFileType = wrapper.framework; includeInIndex = 0; path = Pods_DoneList.framework; sourceTree = BUILT_PRODUCTS_DIR; };
		C43C0978226E0B8800788E0D /* readme.txt */ = {isa = PBXFileReference; lastKnownFileType = text; path = readme.txt; sourceTree = "<group>"; };
		C43DA1152267FA6A002974A3 /* CatagoryViewController.swift */ = {isa = PBXFileReference; lastKnownFileType = sourcecode.swift; path = CatagoryViewController.swift; sourceTree = "<group>"; };
		C43DA1172267FA81002974A3 /* ToDoListViewController.swift */ = {isa = PBXFileReference; lastKnownFileType = sourcecode.swift; path = ToDoListViewController.swift; sourceTree = "<group>"; };
		C43DA1192267FAA3002974A3 /* SwipeTableViewController.swift */ = {isa = PBXFileReference; lastKnownFileType = sourcecode.swift; path = SwipeTableViewController.swift; sourceTree = "<group>"; };
		C43DA11B2267FAE6002974A3 /* Catagory.swift */ = {isa = PBXFileReference; lastKnownFileType = sourcecode.swift; path = Catagory.swift; sourceTree = "<group>"; };
		C43DA11D2267FAF7002974A3 /* Item.swift */ = {isa = PBXFileReference; lastKnownFileType = sourcecode.swift; path = Item.swift; sourceTree = "<group>"; };
		C44868CA2264CF310097ABB3 /* DoneList.app */ = {isa = PBXFileReference; explicitFileType = wrapper.application; includeInIndex = 0; path = DoneList.app; sourceTree = BUILT_PRODUCTS_DIR; };
		C44868CD2264CF310097ABB3 /* AppDelegate.swift */ = {isa = PBXFileReference; lastKnownFileType = sourcecode.swift; path = AppDelegate.swift; sourceTree = "<group>"; };
		C44868CF2264CF310097ABB3 /* ViewController.swift */ = {isa = PBXFileReference; lastKnownFileType = sourcecode.swift; path = ViewController.swift; sourceTree = "<group>"; };
		C44868D22264CF310097ABB3 /* Base */ = {isa = PBXFileReference; lastKnownFileType = file.storyboard; name = Base; path = Base.lproj/Main.storyboard; sourceTree = "<group>"; };
		C44868D42264CF330097ABB3 /* Assets.xcassets */ = {isa = PBXFileReference; lastKnownFileType = folder.assetcatalog; path = Assets.xcassets; sourceTree = "<group>"; };
		C44868D72264CF330097ABB3 /* Base */ = {isa = PBXFileReference; lastKnownFileType = file.storyboard; name = Base; path = Base.lproj/LaunchScreen.storyboard; sourceTree = "<group>"; };
		C44868D92264CF330097ABB3 /* Info.plist */ = {isa = PBXFileReference; lastKnownFileType = text.plist.xml; path = Info.plist; sourceTree = "<group>"; };
		C44868DF2264CFD50097ABB3 /* GoogleService-Info.plist */ = {isa = PBXFileReference; fileEncoding = 4; lastKnownFileType = text.plist.xml; path = "GoogleService-Info.plist"; sourceTree = "<group>"; };
/* End PBXFileReference section */

/* Begin PBXFrameworksBuildPhase section */
		C44868C72264CF310097ABB3 /* Frameworks */ = {
			isa = PBXFrameworksBuildPhase;
			buildActionMask = 2147483647;
			files = (
				154F2EBCCA67D4EF3FC64E7A /* Pods_DoneList.framework in Frameworks */,
			);
			runOnlyForDeploymentPostprocessing = 0;
		};
/* End PBXFrameworksBuildPhase section */

/* Begin PBXGroup section */
		39A9407CCF8411E6EA7DA02C /* Frameworks */ = {
			isa = PBXGroup;
			children = (
				9B9722044471E6D80A3644C7 /* Pods_DoneList.framework */,
			);
			name = Frameworks;
			sourceTree = "<group>";
		};
		3D1F05705F692447410974C8 /* Pods */ = {
			isa = PBXGroup;
			children = (
				1319084C322C9F7F94AAD7E7 /* Pods-DoneList.debug.xcconfig */,
				15A0122D820937AAA7E25037 /* Pods-DoneList.release.xcconfig */,
			);
			path = Pods;
			sourceTree = "<group>";
		};
		C43BFE4B226658E700052064 /* Supporting File */ = {
			isa = PBXGroup;
			children = (
				C44868CD2264CF310097ABB3 /* AppDelegate.swift */,
				C44868D62264CF330097ABB3 /* LaunchScreen.storyboard */,
				C44868D42264CF330097ABB3 /* Assets.xcassets */,
			);
			path = "Supporting File";
			sourceTree = "<group>";
		};
		C43BFE4C22665A0C00052064 /* Model */ = {
			isa = PBXGroup;
			children = (
				C43DA11B2267FAE6002974A3 /* Catagory.swift */,
				C43DA11D2267FAF7002974A3 /* Item.swift */,
			);
			path = Model;
			sourceTree = "<group>";
		};
		C43BFE4D22665A1700052064 /* View */ = {
			isa = PBXGroup;
			children = (
				C44868D12264CF310097ABB3 /* Main.storyboard */,
			);
			path = View;
			sourceTree = "<group>";
		};
		C43BFE4E22665A3000052064 /* Controllers */ = {
			isa = PBXGroup;
			children = (
				C44868CF2264CF310097ABB3 /* ViewController.swift */,
				C43DA1152267FA6A002974A3 /* CatagoryViewController.swift */,
				C43DA1172267FA81002974A3 /* ToDoListViewController.swift */,
				C43DA1192267FAA3002974A3 /* SwipeTableViewController.swift */,
			);
			path = Controllers;
			sourceTree = "<group>";
		};
		C44868C12264CF310097ABB3 = {
			isa = PBXGroup;
			children = (
				C44868CC2264CF310097ABB3 /* DoneList */,
				C44868CB2264CF310097ABB3 /* Products */,
				3D1F05705F692447410974C8 /* Pods */,
				39A9407CCF8411E6EA7DA02C /* Frameworks */,
			);
			sourceTree = "<group>";
		};
		C44868CB2264CF310097ABB3 /* Products */ = {
			isa = PBXGroup;
			children = (
				C44868CA2264CF310097ABB3 /* DoneList.app */,
			);
			name = Products;
			sourceTree = "<group>";
		};
		C44868CC2264CF310097ABB3 /* DoneList */ = {
			isa = PBXGroup;
			children = (
				C43BFE4C22665A0C00052064 /* Model */,
				C43BFE4D22665A1700052064 /* View */,
				C43BFE4E22665A3000052064 /* Controllers */,
				C43BFE4B226658E700052064 /* Supporting File */,
				C44868DF2264CFD50097ABB3 /* GoogleService-Info.plist */,
				C44868D92264CF330097ABB3 /* Info.plist */,
				C43C0978226E0B8800788E0D /* readme.txt */,
			);
			path = DoneList;
			sourceTree = "<group>";
		};
/* End PBXGroup section */

/* Begin PBXNativeTarget section */
		C44868C92264CF310097ABB3 /* DoneList */ = {
			isa = PBXNativeTarget;
			buildConfigurationList = C44868DC2264CF330097ABB3 /* Build configuration list for PBXNativeTarget "DoneList" */;
			buildPhases = (
				A575664673D492EE0433348B /* [CP] Check Pods Manifest.lock */,
				C44868C62264CF310097ABB3 /* Sources */,
				C44868C72264CF310097ABB3 /* Frameworks */,
				C44868C82264CF310097ABB3 /* Resources */,
				03B2D74822880086203D72A7 /* [CP] Embed Pods Frameworks */,
				482D39BBE8C22CF22065A3BF /* [CP] Copy Pods Resources */,
				C43C097A226E159900788E0D /* CopyFiles */,
			);
			buildRules = (
			);
			dependencies = (
			);
			name = DoneList;
			productName = DoneList;
			productReference = C44868CA2264CF310097ABB3 /* DoneList.app */;
			productType = "com.apple.product-type.application";
		};
/* End PBXNativeTarget section */

/* Begin PBXProject section */
		C44868C22264CF310097ABB3 /* Project object */ = {
			isa = PBXProject;
			attributes = {
				LastSwiftUpdateCheck = 1020;
				LastUpgradeCheck = 1020;
				ORGANIZATIONNAME = "Farhan Qazi";
				TargetAttributes = {
					C44868C92264CF310097ABB3 = {
						CreatedOnToolsVersion = 10.2;
					};
				};
			};
			buildConfigurationList = C44868C52264CF310097ABB3 /* Build configuration list for PBXProject "DoneList" */;
			compatibilityVersion = "Xcode 9.3";
			developmentRegion = en;
			hasScannedForEncodings = 0;
			knownRegions = (
				en,
				Base,
			);
			mainGroup = C44868C12264CF310097ABB3;
			productRefGroup = C44868CB2264CF310097ABB3 /* Products */;
			projectDirPath = "";
			projectRoot = "";
			targets = (
				C44868C92264CF310097ABB3 /* DoneList */,
			);
		};
/* End PBXProject section */

/* Begin PBXResourcesBuildPhase section */
		C44868C82264CF310097ABB3 /* Resources */ = {
			isa = PBXResourcesBuildPhase;
			buildActionMask = 2147483647;
			files = (
				C43C0979226E0B8800788E0D /* readme.txt in Resources */,
				C44868D82264CF330097ABB3 /* LaunchScreen.storyboard in Resources */,
				C44868E02264CFD50097ABB3 /* GoogleService-Info.plist in Resources */,
				C44868D52264CF330097ABB3 /* Assets.xcassets in Resources */,
				C44868D32264CF310097ABB3 /* Main.storyboard in Resources */,
			);
			runOnlyForDeploymentPostprocessing = 0;
		};
/* End PBXResourcesBuildPhase section */

/* Begin PBXShellScriptBuildPhase section */
		03B2D74822880086203D72A7 /* [CP] Embed Pods Frameworks */ = {
			isa = PBXShellScriptBuildPhase;
			buildActionMask = 2147483647;
			files = (
			);
			inputFileListPaths = (
			);
			inputPaths = (
				"${PODS_ROOT}/Target Support Files/Pods-DoneList/Pods-DoneList-frameworks.sh",
				"${BUILT_PRODUCTS_DIR}/Bolts/Bolts.framework",
				"${BUILT_PRODUCTS_DIR}/BoringSSL-GRPC/openssl_grpc.framework",
				"${BUILT_PRODUCTS_DIR}/ChameleonFramework/ChameleonFramework.framework",
				"${BUILT_PRODUCTS_DIR}/FBSDKCoreKit/FBSDKCoreKit.framework",
				"${BUILT_PRODUCTS_DIR}/FBSDKLoginKit/FBSDKLoginKit.framework",
				"${BUILT_PRODUCTS_DIR}/GTMSessionFetcher/GTMSessionFetcher.framework",
				"${BUILT_PRODUCTS_DIR}/GoogleToolboxForMac/GoogleToolboxForMac.framework",
				"${BUILT_PRODUCTS_DIR}/GoogleUtilities/GoogleUtilities.framework",
				"${BUILT_PRODUCTS_DIR}/Protobuf/Protobuf.framework",
				"${BUILT_PRODUCTS_DIR}/Realm/Realm.framework",
				"${BUILT_PRODUCTS_DIR}/RealmSwift/RealmSwift.framework",
				"${BUILT_PRODUCTS_DIR}/SDWebImage/SDWebImage.framework",
				"${BUILT_PRODUCTS_DIR}/SVProgressHUD/SVProgressHUD.framework",
				"${BUILT_PRODUCTS_DIR}/SwipeCellKit/SwipeCellKit.framework",
				"${PODS_ROOT}/TwitterCore/iOS/TwitterCore.framework",
				"${PODS_ROOT}/TwitterKit/iOS/TwitterKit.framework",
				"${BUILT_PRODUCTS_DIR}/gRPC-C++/grpcpp.framework",
				"${BUILT_PRODUCTS_DIR}/gRPC-Core/grpc.framework",
				"${BUILT_PRODUCTS_DIR}/leveldb-library/leveldb.framework",
				"${BUILT_PRODUCTS_DIR}/nanopb/nanopb.framework",
			);
			name = "[CP] Embed Pods Frameworks";
			outputFileListPaths = (
			);
			outputPaths = (
				"${TARGET_BUILD_DIR}/${FRAMEWORKS_FOLDER_PATH}/Bolts.framework",
				"${TARGET_BUILD_DIR}/${FRAMEWORKS_FOLDER_PATH}/openssl_grpc.framework",
				"${TARGET_BUILD_DIR}/${FRAMEWORKS_FOLDER_PATH}/ChameleonFramework.framework",
				"${TARGET_BUILD_DIR}/${FRAMEWORKS_FOLDER_PATH}/FBSDKCoreKit.framework",
				"${TARGET_BUILD_DIR}/${FRAMEWORKS_FOLDER_PATH}/FBSDKLoginKit.framework",
				"${TARGET_BUILD_DIR}/${FRAMEWORKS_FOLDER_PATH}/GTMSessionFetcher.framework",
				"${TARGET_BUILD_DIR}/${FRAMEWORKS_FOLDER_PATH}/GoogleToolboxForMac.framework",
				"${TARGET_BUILD_DIR}/${FRAMEWORKS_FOLDER_PATH}/GoogleUtilities.framework",
				"${TARGET_BUILD_DIR}/${FRAMEWORKS_FOLDER_PATH}/Protobuf.framework",
				"${TARGET_BUILD_DIR}/${FRAMEWORKS_FOLDER_PATH}/Realm.framework",
				"${TARGET_BUILD_DIR}/${FRAMEWORKS_FOLDER_PATH}/RealmSwift.framework",
				"${TARGET_BUILD_DIR}/${FRAMEWORKS_FOLDER_PATH}/SDWebImage.framework",
				"${TARGET_BUILD_DIR}/${FRAMEWORKS_FOLDER_PATH}/SVProgressHUD.framework",
				"${TARGET_BUILD_DIR}/${FRAMEWORKS_FOLDER_PATH}/SwipeCellKit.framework",
				"${TARGET_BUILD_DIR}/${FRAMEWORKS_FOLDER_PATH}/TwitterCore.framework",
				"${TARGET_BUILD_DIR}/${FRAMEWORKS_FOLDER_PATH}/TwitterKit.framework",
				"${TARGET_BUILD_DIR}/${FRAMEWORKS_FOLDER_PATH}/grpcpp.framework",
				"${TARGET_BUILD_DIR}/${FRAMEWORKS_FOLDER_PATH}/grpc.framework",
				"${TARGET_BUILD_DIR}/${FRAMEWORKS_FOLDER_PATH}/leveldb.framework",
				"${TARGET_BUILD_DIR}/${FRAMEWORKS_FOLDER_PATH}/nanopb.framework",
			);
			runOnlyForDeploymentPostprocessing = 0;
			shellPath = /bin/sh;
			shellScript = "\"${PODS_ROOT}/Target Support Files/Pods-DoneList/Pods-DoneList-frameworks.sh\"\n";
			showEnvVarsInLog = 0;
		};
		482D39BBE8C22CF22065A3BF /* [CP] Copy Pods Resources */ = {
			isa = PBXShellScriptBuildPhase;
			buildActionMask = 2147483647;
			files = (
			);
			inputFileListPaths = (
			);
			inputPaths = (
				"${PODS_ROOT}/Target Support Files/Pods-DoneList/Pods-DoneList-resources.sh",
				"${PODS_CONFIGURATION_BUILD_DIR}/FirebaseUI/FirebaseAnonymousAuthUI.bundle",
				"${PODS_CONFIGURATION_BUILD_DIR}/FirebaseUI/FirebaseAuthUI.bundle",
				"${PODS_CONFIGURATION_BUILD_DIR}/FirebaseUI/FirebaseEmailAuthUI.bundle",
				"${PODS_CONFIGURATION_BUILD_DIR}/FirebaseUI/FirebaseFacebookAuthUI.bundle",
				"${PODS_CONFIGURATION_BUILD_DIR}/FirebaseUI/FirebaseGoogleAuthUI.bundle",
				"${PODS_CONFIGURATION_BUILD_DIR}/FirebaseUI/FirebasePhoneAuthUI.bundle",
				"${PODS_CONFIGURATION_BUILD_DIR}/FirebaseUI/FirebaseTwitterAuthUI.bundle",
				"${PODS_ROOT}/GoogleSignIn/Resources/GoogleSignIn.bundle",
				"${PODS_ROOT}/TwitterKit/iOS/TwitterKit.framework/TwitterKitResources.bundle",
			);
			name = "[CP] Copy Pods Resources";
			outputFileListPaths = (
			);
			outputPaths = (
				"${TARGET_BUILD_DIR}/${UNLOCALIZED_RESOURCES_FOLDER_PATH}/FirebaseAnonymousAuthUI.bundle",
				"${TARGET_BUILD_DIR}/${UNLOCALIZED_RESOURCES_FOLDER_PATH}/FirebaseAuthUI.bundle",
				"${TARGET_BUILD_DIR}/${UNLOCALIZED_RESOURCES_FOLDER_PATH}/FirebaseEmailAuthUI.bundle",
				"${TARGET_BUILD_DIR}/${UNLOCALIZED_RESOURCES_FOLDER_PATH}/FirebaseFacebookAuthUI.bundle",
				"${TARGET_BUILD_DIR}/${UNLOCALIZED_RESOURCES_FOLDER_PATH}/FirebaseGoogleAuthUI.bundle",
				"${TARGET_BUILD_DIR}/${UNLOCALIZED_RESOURCES_FOLDER_PATH}/FirebasePhoneAuthUI.bundle",
				"${TARGET_BUILD_DIR}/${UNLOCALIZED_RESOURCES_FOLDER_PATH}/FirebaseTwitterAuthUI.bundle",
				"${TARGET_BUILD_DIR}/${UNLOCALIZED_RESOURCES_FOLDER_PATH}/GoogleSignIn.bundle",
				"${TARGET_BUILD_DIR}/${UNLOCALIZED_RESOURCES_FOLDER_PATH}/TwitterKitResources.bundle",
			);
			runOnlyForDeploymentPostprocessing = 0;
			shellPath = /bin/sh;
			shellScript = "\"${PODS_ROOT}/Target Support Files/Pods-DoneList/Pods-DoneList-resources.sh\"\n";
			showEnvVarsInLog = 0;
		};
		A575664673D492EE0433348B /* [CP] Check Pods Manifest.lock */ = {
			isa = PBXShellScriptBuildPhase;
			buildActionMask = 2147483647;
			files = (
			);
			inputFileListPaths = (
			);
			inputPaths = (
				"${PODS_PODFILE_DIR_PATH}/Podfile.lock",
				"${PODS_ROOT}/Manifest.lock",
			);
			name = "[CP] Check Pods Manifest.lock";
			outputFileListPaths = (
			);
			outputPaths = (
				"$(DERIVED_FILE_DIR)/Pods-DoneList-checkManifestLockResult.txt",
			);
			runOnlyForDeploymentPostprocessing = 0;
			shellPath = /bin/sh;
			shellScript = "diff \"${PODS_PODFILE_DIR_PATH}/Podfile.lock\" \"${PODS_ROOT}/Manifest.lock\" > /dev/null\nif [ $? != 0 ] ; then\n    # print error to STDERR\n    echo \"error: The sandbox is not in sync with the Podfile.lock. Run 'pod install' or update your CocoaPods installation.\" >&2\n    exit 1\nfi\n# This output is used by Xcode 'outputs' to avoid re-running this script phase.\necho \"SUCCESS\" > \"${SCRIPT_OUTPUT_FILE_0}\"\n";
			showEnvVarsInLog = 0;
		};
/* End PBXShellScriptBuildPhase section */

/* Begin PBXSourcesBuildPhase section */
		C44868C62264CF310097ABB3 /* Sources */ = {
			isa = PBXSourcesBuildPhase;
			buildActionMask = 2147483647;
			files = (
				C43DA1182267FA81002974A3 /* ToDoListViewController.swift in Sources */,
				C44868D02264CF310097ABB3 /* ViewController.swift in Sources */,
				C43DA1162267FA6A002974A3 /* CatagoryViewController.swift in Sources */,
				C43DA11C2267FAE6002974A3 /* Catagory.swift in Sources */,
				C43DA11E2267FAF7002974A3 /* Item.swift in Sources */,
				C44868CE2264CF310097ABB3 /* AppDelegate.swift in Sources */,
				C43DA11A2267FAA3002974A3 /* SwipeTableViewController.swift in Sources */,
			);
			runOnlyForDeploymentPostprocessing = 0;
		};
/* End PBXSourcesBuildPhase section */

/* Begin PBXVariantGroup section */
		C44868D12264CF310097ABB3 /* Main.storyboard */ = {
			isa = PBXVariantGroup;
			children = (
				C44868D22264CF310097ABB3 /* Base */,
			);
			name = Main.storyboard;
			sourceTree = "<group>";
		};
		C44868D62264CF330097ABB3 /* LaunchScreen.storyboard */ = {
			isa = PBXVariantGroup;
			children = (
				C44868D72264CF330097ABB3 /* Base */,
			);
			name = LaunchScreen.storyboard;
			sourceTree = "<group>";
		};
/* End PBXVariantGroup section */

/* Begin XCBuildConfiguration section */
		C44868DA2264CF330097ABB3 /* Debug */ = {
			isa = XCBuildConfiguration;
			buildSettings = {
				ALWAYS_SEARCH_USER_PATHS = NO;
				CLANG_ANALYZER_NONNULL = YES;
				CLANG_ANALYZER_NUMBER_OBJECT_CONVERSION = YES_AGGRESSIVE;
				CLANG_CXX_LANGUAGE_STANDARD = "gnu++14";
				CLANG_CXX_LIBRARY = "libc++";
				CLANG_ENABLE_MODULES = YES;
				CLANG_ENABLE_OBJC_ARC = YES;
				CLANG_ENABLE_OBJC_WEAK = YES;
				CLANG_WARN_BLOCK_CAPTURE_AUTORELEASING = YES;
				CLANG_WARN_BOOL_CONVERSION = YES;
				CLANG_WARN_COMMA = YES;
				CLANG_WARN_CONSTANT_CONVERSION = YES;
				CLANG_WARN_DEPRECATED_OBJC_IMPLEMENTATIONS = YES;
				CLANG_WARN_DIRECT_OBJC_ISA_USAGE = YES_ERROR;
				CLANG_WARN_DOCUMENTATION_COMMENTS = YES;
				CLANG_WARN_EMPTY_BODY = YES;
				CLANG_WARN_ENUM_CONVERSION = YES;
				CLANG_WARN_INFINITE_RECURSION = YES;
				CLANG_WARN_INT_CONVERSION = YES;
				CLANG_WARN_NON_LITERAL_NULL_CONVERSION = YES;
				CLANG_WARN_OBJC_IMPLICIT_RETAIN_SELF = YES;
				CLANG_WARN_OBJC_LITERAL_CONVERSION = YES;
				CLANG_WARN_OBJC_ROOT_CLASS = YES_ERROR;
				CLANG_WARN_RANGE_LOOP_ANALYSIS = YES;
				CLANG_WARN_STRICT_PROTOTYPES = YES;
				CLANG_WARN_SUSPICIOUS_MOVE = YES;
				CLANG_WARN_UNGUARDED_AVAILABILITY = YES_AGGRESSIVE;
				CLANG_WARN_UNREACHABLE_CODE = YES;
				CLANG_WARN__DUPLICATE_METHOD_MATCH = YES;
				CODE_SIGN_IDENTITY = "iPhone Developer";
				COPY_PHASE_STRIP = NO;
				DEBUG_INFORMATION_FORMAT = dwarf;
				ENABLE_STRICT_OBJC_MSGSEND = YES;
				ENABLE_TESTABILITY = YES;
				GCC_C_LANGUAGE_STANDARD = gnu11;
				GCC_DYNAMIC_NO_PIC = NO;
				GCC_NO_COMMON_BLOCKS = YES;
				GCC_OPTIMIZATION_LEVEL = 0;
				GCC_PREPROCESSOR_DEFINITIONS = (
					"DEBUG=1",
					"$(inherited)",
				);
				GCC_WARN_64_TO_32_BIT_CONVERSION = YES;
				GCC_WARN_ABOUT_RETURN_TYPE = YES_ERROR;
				GCC_WARN_UNDECLARED_SELECTOR = YES;
				GCC_WARN_UNINITIALIZED_AUTOS = YES_AGGRESSIVE;
				GCC_WARN_UNUSED_FUNCTION = YES;
				GCC_WARN_UNUSED_VARIABLE = YES;
				IPHONEOS_DEPLOYMENT_TARGET = 12.2;
				MTL_ENABLE_DEBUG_INFO = INCLUDE_SOURCE;
				MTL_FAST_MATH = YES;
				ONLY_ACTIVE_ARCH = YES;
				SDKROOT = iphoneos;
				SWIFT_ACTIVE_COMPILATION_CONDITIONS = DEBUG;
				SWIFT_OPTIMIZATION_LEVEL = "-Onone";
			};
			name = Debug;
		};
		C44868DB2264CF330097ABB3 /* Release */ = {
			isa = XCBuildConfiguration;
			buildSettings = {
				ALWAYS_SEARCH_USER_PATHS = NO;
				CLANG_ANALYZER_NONNULL = YES;
				CLANG_ANALYZER_NUMBER_OBJECT_CONVERSION = YES_AGGRESSIVE;
				CLANG_CXX_LANGUAGE_STANDARD = "gnu++14";
				CLANG_CXX_LIBRARY = "libc++";
				CLANG_ENABLE_MODULES = YES;
				CLANG_ENABLE_OBJC_ARC = YES;
				CLANG_ENABLE_OBJC_WEAK = YES;
				CLANG_WARN_BLOCK_CAPTURE_AUTORELEASING = YES;
				CLANG_WARN_BOOL_CONVERSION = YES;
				CLANG_WARN_COMMA = YES;
				CLANG_WARN_CONSTANT_CONVERSION = YES;
				CLANG_WARN_DEPRECATED_OBJC_IMPLEMENTATIONS = YES;
				CLANG_WARN_DIRECT_OBJC_ISA_USAGE = YES_ERROR;
				CLANG_WARN_DOCUMENTATION_COMMENTS = YES;
				CLANG_WARN_EMPTY_BODY = YES;
				CLANG_WARN_ENUM_CONVERSION = YES;
				CLANG_WARN_INFINITE_RECURSION = YES;
				CLANG_WARN_INT_CONVERSION = YES;
				CLANG_WARN_NON_LITERAL_NULL_CONVERSION = YES;
				CLANG_WARN_OBJC_IMPLICIT_RETAIN_SELF = YES;
				CLANG_WARN_OBJC_LITERAL_CONVERSION = YES;
				CLANG_WARN_OBJC_ROOT_CLASS = YES_ERROR;
				CLANG_WARN_RANGE_LOOP_ANALYSIS = YES;
				CLANG_WARN_STRICT_PROTOTYPES = YES;
				CLANG_WARN_SUSPICIOUS_MOVE = YES;
				CLANG_WARN_UNGUARDED_AVAILABILITY = YES_AGGRESSIVE;
				CLANG_WARN_UNREACHABLE_CODE = YES;
				CLANG_WARN__DUPLICATE_METHOD_MATCH = YES;
				CODE_SIGN_IDENTITY = "iPhone Developer";
				COPY_PHASE_STRIP = NO;
				DEBUG_INFORMATION_FORMAT = "dwarf-with-dsym";
				ENABLE_NS_ASSERTIONS = NO;
				ENABLE_STRICT_OBJC_MSGSEND = YES;
				GCC_C_LANGUAGE_STANDARD = gnu11;
				GCC_NO_COMMON_BLOCKS = YES;
				GCC_WARN_64_TO_32_BIT_CONVERSION = YES;
				GCC_WARN_ABOUT_RETURN_TYPE = YES_ERROR;
				GCC_WARN_UNDECLARED_SELECTOR = YES;
				GCC_WARN_UNINITIALIZED_AUTOS = YES_AGGRESSIVE;
				GCC_WARN_UNUSED_FUNCTION = YES;
				GCC_WARN_UNUSED_VARIABLE = YES;
				IPHONEOS_DEPLOYMENT_TARGET = 12.2;
				MTL_ENABLE_DEBUG_INFO = NO;
				MTL_FAST_MATH = YES;
				SDKROOT = iphoneos;
				SWIFT_COMPILATION_MODE = wholemodule;
				SWIFT_OPTIMIZATION_LEVEL = "-O";
				VALIDATE_PRODUCT = YES;
			};
			name = Release;
		};
		C44868DD2264CF330097ABB3 /* Debug */ = {
			isa = XCBuildConfiguration;
			baseConfigurationReference = 1319084C322C9F7F94AAD7E7 /* Pods-DoneList.debug.xcconfig */;
			buildSettings = {
				ASSETCATALOG_COMPILER_APPICON_NAME = AppIcon;
				CODE_SIGN_STYLE = Automatic;
				DEVELOPMENT_TEAM = 934M22FT9R;
				INFOPLIST_FILE = DoneList/Info.plist;
				LD_RUNPATH_SEARCH_PATHS = (
					"$(inherited)",
					"@executable_path/Frameworks",
				);
				PRODUCT_BUNDLE_IDENTIFIER = "com.farhan-Qazi.DoneList";
				PRODUCT_NAME = "$(TARGET_NAME)";
				SWIFT_VERSION = 5.0;
				TARGETED_DEVICE_FAMILY = "1,2";
			};
			name = Debug;
		};
		C44868DE2264CF330097ABB3 /* Release */ = {
			isa = XCBuildConfiguration;
			baseConfigurationReference = 15A0122D820937AAA7E25037 /* Pods-DoneList.release.xcconfig */;
			buildSettings = {
				ASSETCATALOG_COMPILER_APPICON_NAME = AppIcon;
				CODE_SIGN_STYLE = Automatic;
				DEVELOPMENT_TEAM = 934M22FT9R;
				INFOPLIST_FILE = DoneList/Info.plist;
				LD_RUNPATH_SEARCH_PATHS = (
					"$(inherited)",
					"@executable_path/Frameworks",
				);
				PRODUCT_BUNDLE_IDENTIFIER = "com.farhan-Qazi.DoneList";
				PRODUCT_NAME = "$(TARGET_NAME)";
				SWIFT_VERSION = 5.0;
				TARGETED_DEVICE_FAMILY = "1,2";
			};
			name = Release;
		};
/* End XCBuildConfiguration section */

/* Begin XCConfigurationList section */
		C44868C52264CF310097ABB3 /* Build configuration list for PBXProject "DoneList" */ = {
			isa = XCConfigurationList;
			buildConfigurations = (
				C44868DA2264CF330097ABB3 /* Debug */,
				C44868DB2264CF330097ABB3 /* Release */,
			);
			defaultConfigurationIsVisible = 0;
			defaultConfigurationName = Release;
		};
		C44868DC2264CF330097ABB3 /* Build configuration list for PBXNativeTarget "DoneList" */ = {
			isa = XCConfigurationList;
			buildConfigurations = (
				C44868DD2264CF330097ABB3 /* Debug */,
				C44868DE2264CF330097ABB3 /* Release */,
			);
			defaultConfigurationIsVisible = 0;
			defaultConfigurationName = Release;
		};
/* End XCConfigurationList section */
	};
	rootObject = C44868C22264CF310097ABB3 /* Project object */;
}
